// !$*UTF8*$!
{
	archiveVersion = 1;
	classes = {
	};
	objectVersion = 51;
	objects = {

/* Begin PBXBuildFile section */
		125626290EFBB8A8956C9B6C /* Pods_Social_Network.framework in Frameworks */ = {isa = PBXBuildFile; fileRef = F0A974658951121B1B20476B /* Pods_Social_Network.framework */; };
		C804177F22DC7543001A9BB5 /* CellComment.swift in Sources */ = {isa = PBXBuildFile; fileRef = C804177D22DC7543001A9BB5 /* CellComment.swift */; };
		C804178022DC7543001A9BB5 /* CellComment.xib in Resources */ = {isa = PBXBuildFile; fileRef = C804177E22DC7543001A9BB5 /* CellComment.xib */; };
		C804213D22D89003004562C1 /* PostPublicModel.swift in Sources */ = {isa = PBXBuildFile; fileRef = C804213C22D89003004562C1 /* PostPublicModel.swift */; };
		C804213F22D8916E004562C1 /* LoginModel.swift in Sources */ = {isa = PBXBuildFile; fileRef = C804213E22D8916E004562C1 /* LoginModel.swift */; };
		C804214122D89350004562C1 /* ExtentionHomeVC + UISideMenu.swift in Sources */ = {isa = PBXBuildFile; fileRef = C804214022D89350004562C1 /* ExtentionHomeVC + UISideMenu.swift */; };
		C804214322D898E1004562C1 /* HomeVCExtention + TableView.swift in Sources */ = {isa = PBXBuildFile; fileRef = C804214222D898E1004562C1 /* HomeVCExtention + TableView.swift */; };
		C8047F1C22E05AB500FC5799 /* ListFriendVC.swift in Sources */ = {isa = PBXBuildFile; fileRef = C8047F1A22E05AB500FC5799 /* ListFriendVC.swift */; };
		C8047F1D22E05AB500FC5799 /* ListFriendVC.xib in Resources */ = {isa = PBXBuildFile; fileRef = C8047F1B22E05AB500FC5799 /* ListFriendVC.xib */; };
		C8047F1F22E0615F00FC5799 /* UserModel.swift in Sources */ = {isa = PBXBuildFile; fileRef = C8047F1E22E0615F00FC5799 /* UserModel.swift */; };
		C8047F2322E06BB700FC5799 /* ChatHistoryVC.swift in Sources */ = {isa = PBXBuildFile; fileRef = C8047F2122E06BB700FC5799 /* ChatHistoryVC.swift */; };
		C8047F2422E06BB700FC5799 /* ChatHistoryVC.xib in Resources */ = {isa = PBXBuildFile; fileRef = C8047F2222E06BB700FC5799 /* ChatHistoryVC.xib */; };
		C806CDC022D5D528002E16F4 /* RegisterModel.swift in Sources */ = {isa = PBXBuildFile; fileRef = C806CDBF22D5D528002E16F4 /* RegisterModel.swift */; };
		C80B027622FD706E00928713 /* MyPostVC.swift in Sources */ = {isa = PBXBuildFile; fileRef = C80B027422FD706E00928713 /* MyPostVC.swift */; };
		C80B027722FD706E00928713 /* MyPostVC.xib in Resources */ = {isa = PBXBuildFile; fileRef = C80B027522FD706E00928713 /* MyPostVC.xib */; };
		C80B027922FD7D6800928713 /* ExtentionMyPostVC + UISideMenu.swift in Sources */ = {isa = PBXBuildFile; fileRef = C80B027822FD7D6800928713 /* ExtentionMyPostVC + UISideMenu.swift */; };
		C80B027B22FD7DD300928713 /* MyPostVCExtention + TableView.swift in Sources */ = {isa = PBXBuildFile; fileRef = C80B027A22FD7DD300928713 /* MyPostVCExtention + TableView.swift */; };
		C80B404C22EECE8600B6A613 /* ShowCommentVC.swift in Sources */ = {isa = PBXBuildFile; fileRef = C80B404A22EECE8600B6A613 /* ShowCommentVC.swift */; };
		C80B404D22EECE8600B6A613 /* ShowCommentVC.xib in Resources */ = {isa = PBXBuildFile; fileRef = C80B404B22EECE8600B6A613 /* ShowCommentVC.xib */; };
		C81A4CC022EFE6D700352CD1 /* ShowImageVC.swift in Sources */ = {isa = PBXBuildFile; fileRef = C81A4CBE22EFE6D700352CD1 /* ShowImageVC.swift */; };
		C81A4CC122EFE6D700352CD1 /* ShowImageVC.xib in Resources */ = {isa = PBXBuildFile; fileRef = C81A4CBF22EFE6D700352CD1 /* ShowImageVC.xib */; };
		C81A4CC522EFE8A100352CD1 /* CellShowImage.swift in Sources */ = {isa = PBXBuildFile; fileRef = C81A4CC322EFE8A100352CD1 /* CellShowImage.swift */; };
		C81A4CC622EFE8A100352CD1 /* CellShowImage.xib in Resources */ = {isa = PBXBuildFile; fileRef = C81A4CC422EFE8A100352CD1 /* CellShowImage.xib */; };
		C81BA34B22E954D40039CD35 /* CellListFriend.swift in Sources */ = {isa = PBXBuildFile; fileRef = C81BA34922E954D40039CD35 /* CellListFriend.swift */; };
		C81BA34C22E954D40039CD35 /* CellListFriend.xib in Resources */ = {isa = PBXBuildFile; fileRef = C81BA34A22E954D40039CD35 /* CellListFriend.xib */; };
		C81BA35022E957EB0039CD35 /* CellChat2.swift in Sources */ = {isa = PBXBuildFile; fileRef = C81BA34E22E957EB0039CD35 /* CellChat2.swift */; };
		C81BA35122E957EB0039CD35 /* CellChat2.xib in Resources */ = {isa = PBXBuildFile; fileRef = C81BA34F22E957EB0039CD35 /* CellChat2.xib */; };
		C8229E4222DC18760045A1C2 /* LaunchVC.swift in Sources */ = {isa = PBXBuildFile; fileRef = C8229E4122DC18760045A1C2 /* LaunchVC.swift */; };
		C8229E4622DC21BF0045A1C2 /* CellMain.swift in Sources */ = {isa = PBXBuildFile; fileRef = C8229E4422DC21BF0045A1C2 /* CellMain.swift */; };
		C8229E4722DC21BF0045A1C2 /* CellMain.xib in Resources */ = {isa = PBXBuildFile; fileRef = C8229E4522DC21BF0045A1C2 /* CellMain.xib */; };
		C8229E4922DC586C0045A1C2 /* RandomImage.swift in Sources */ = {isa = PBXBuildFile; fileRef = C8229E4822DC586C0045A1C2 /* RandomImage.swift */; };
		C82C0C9322DECEF8001C2D8D /* GoogleService-Info.plist in Resources */ = {isa = PBXBuildFile; fileRef = C82C0C9222DECEF8001C2D8D /* GoogleService-Info.plist */; };
		C82C0C9622DEFA05001C2D8D /* PostNewVC.swift in Sources */ = {isa = PBXBuildFile; fileRef = C82C0C9522DEFA05001C2D8D /* PostNewVC.swift */; };
		C8383B1D22D710E300E897BE /* HomeVC.swift in Sources */ = {isa = PBXBuildFile; fileRef = C8383B1C22D710E300E897BE /* HomeVC.swift */; };
		C8383B2122D7111800E897BE /* MenuVC.swift in Sources */ = {isa = PBXBuildFile; fileRef = C8383B1F22D7111800E897BE /* MenuVC.swift */; };
		C8383B2222D7111800E897BE /* MenuVC.xib in Resources */ = {isa = PBXBuildFile; fileRef = C8383B2022D7111800E897BE /* MenuVC.xib */; };
		C8383B2622D7127500E897BE /* CellMenu.swift in Sources */ = {isa = PBXBuildFile; fileRef = C8383B2422D7127500E897BE /* CellMenu.swift */; };
		C8383B2722D7127500E897BE /* CellMenu.xib in Resources */ = {isa = PBXBuildFile; fileRef = C8383B2522D7127500E897BE /* CellMenu.xib */; };
		C8383B2A22D723EA00E897BE /* MenuModel.swift in Sources */ = {isa = PBXBuildFile; fileRef = C8383B2922D723EA00E897BE /* MenuModel.swift */; };
		C8C2208822E5952400D85639 /* ProfileRegisterVC.swift in Sources */ = {isa = PBXBuildFile; fileRef = C8C2208722E5952400D85639 /* ProfileRegisterVC.swift */; };
		C8C2208A22E597AB00D85639 /* UpdateProfileModel.swift in Sources */ = {isa = PBXBuildFile; fileRef = C8C2208922E597AB00D85639 /* UpdateProfileModel.swift */; };
		C8C2208E22E59AC700D85639 /* ProfileModel.swift in Sources */ = {isa = PBXBuildFile; fileRef = C8C2208D22E59AC700D85639 /* ProfileModel.swift */; };
		DF0E122622FC36890002EF3C /* MyPostModel.swift in Sources */ = {isa = PBXBuildFile; fileRef = DF0E122522FC36890002EF3C /* MyPostModel.swift */; };
		DF14334B22D5C22C000BAEF5 /* UIApplication+Extension.swift in Sources */ = {isa = PBXBuildFile; fileRef = DF1432F922D5C22A000BAEF5 /* UIApplication+Extension.swift */; };
		DF14334C22D5C22C000BAEF5 /* UIImageView+Extension.swift in Sources */ = {isa = PBXBuildFile; fileRef = DF1432FA22D5C22A000BAEF5 /* UIImageView+Extension.swift */; };
		DF14334D22D5C22C000BAEF5 /* Label.swift in Sources */ = {isa = PBXBuildFile; fileRef = DF1432FB22D5C22A000BAEF5 /* Label.swift */; };
		DF14334E22D5C22C000BAEF5 /* UIFont+Extension.swift in Sources */ = {isa = PBXBuildFile; fileRef = DF1432FC22D5C22A000BAEF5 /* UIFont+Extension.swift */; };
		DF14334F22D5C22C000BAEF5 /* UIColor+Extension.swift in Sources */ = {isa = PBXBuildFile; fileRef = DF1432FD22D5C22A000BAEF5 /* UIColor+Extension.swift */; };
		DF14335022D5C22C000BAEF5 /* UILabel+Extension.swift in Sources */ = {isa = PBXBuildFile; fileRef = DF1432FE22D5C22A000BAEF5 /* UILabel+Extension.swift */; };
		DF14335122D5C22C000BAEF5 /* Collection+Extension.swift in Sources */ = {isa = PBXBuildFile; fileRef = DF1432FF22D5C22A000BAEF5 /* Collection+Extension.swift */; };
		DF14335222D5C22C000BAEF5 /* UIButton+Extension.swift in Sources */ = {isa = PBXBuildFile; fileRef = DF14330022D5C22A000BAEF5 /* UIButton+Extension.swift */; };
		DF14335322D5C22C000BAEF5 /* UIView+Extension.swift in Sources */ = {isa = PBXBuildFile; fileRef = DF14330122D5C22A000BAEF5 /* UIView+Extension.swift */; };
		DF14335422D5C22C000BAEF5 /* UIImage+Extension.swift in Sources */ = {isa = PBXBuildFile; fileRef = DF14330222D5C22A000BAEF5 /* UIImage+Extension.swift */; };
		DF14335522D5C22C000BAEF5 /* UIViewController+Extension.swift in Sources */ = {isa = PBXBuildFile; fileRef = DF14330322D5C22A000BAEF5 /* UIViewController+Extension.swift */; };
		DF14335622D5C22C000BAEF5 /* String+Extension.swift in Sources */ = {isa = PBXBuildFile; fileRef = DF14330422D5C22A000BAEF5 /* String+Extension.swift */; };
		DF14335722D5C22C000BAEF5 /* UIResponder.swift in Sources */ = {isa = PBXBuildFile; fileRef = DF14330522D5C22A000BAEF5 /* UIResponder.swift */; };
		DF14335822D5C22C000BAEF5 /* UITapGestureRecognizer+Extension.swift in Sources */ = {isa = PBXBuildFile; fileRef = DF14330622D5C22A000BAEF5 /* UITapGestureRecognizer+Extension.swift */; };
		DF14335922D5C22C000BAEF5 /* Range+Extension.swift in Sources */ = {isa = PBXBuildFile; fileRef = DF14330722D5C22A000BAEF5 /* Range+Extension.swift */; };
		DF14335A22D5C22C000BAEF5 /* UITapgestureRecognizer.swift in Sources */ = {isa = PBXBuildFile; fileRef = DF14330822D5C22A000BAEF5 /* UITapgestureRecognizer.swift */; };
		DF14335B22D5C22C000BAEF5 /* Connectivity.swift in Sources */ = {isa = PBXBuildFile; fileRef = DF14330A22D5C22A000BAEF5 /* Connectivity.swift */; };
		DF14335C22D5C22C000BAEF5 /* AppVariable.swift in Sources */ = {isa = PBXBuildFile; fileRef = DF14330C22D5C22A000BAEF5 /* AppVariable.swift */; };
		DF14335D22D5C22C000BAEF5 /* LocationManager.swift in Sources */ = {isa = PBXBuildFile; fileRef = DF14330E22D5C22A000BAEF5 /* LocationManager.swift */; };
		DF14335E22D5C22C000BAEF5 /* BaseViewController.swift in Sources */ = {isa = PBXBuildFile; fileRef = DF14331022D5C22A000BAEF5 /* BaseViewController.swift */; };
		DF14335F22D5C22C000BAEF5 /* BaseViewModel.swift in Sources */ = {isa = PBXBuildFile; fileRef = DF14331122D5C22A000BAEF5 /* BaseViewModel.swift */; };
		DF14336022D5C22C000BAEF5 /* BasePopup.swift in Sources */ = {isa = PBXBuildFile; fileRef = DF14331222D5C22A000BAEF5 /* BasePopup.swift */; };
		DF14336122D5C22C000BAEF5 /* UIBoldLabel.swift in Sources */ = {isa = PBXBuildFile; fileRef = DF14331322D5C22A000BAEF5 /* UIBoldLabel.swift */; };
		DF14336222D5C22C000BAEF5 /* NCBaseViewController.swift in Sources */ = {isa = PBXBuildFile; fileRef = DF14331422D5C22A000BAEF5 /* NCBaseViewController.swift */; };
		DF14336322D5C22C000BAEF5 /* UIRegularLabel.swift in Sources */ = {isa = PBXBuildFile; fileRef = DF14331522D5C22A000BAEF5 /* UIRegularLabel.swift */; };
		DF14336422D5C22C000BAEF5 /* Localizable.swift in Sources */ = {isa = PBXBuildFile; fileRef = DF14331622D5C22A000BAEF5 /* Localizable.swift */; };
		DF14336522D5C22C000BAEF5 /* BaseView.swift in Sources */ = {isa = PBXBuildFile; fileRef = DF14331722D5C22A000BAEF5 /* BaseView.swift */; };
		DF14336622D5C22C000BAEF5 /* JSONParser.swift in Sources */ = {isa = PBXBuildFile; fileRef = DF14331822D5C22A000BAEF5 /* JSONParser.swift */; };
		DF14336722D5C22C000BAEF5 /* ViewContainsLoadingView.swift in Sources */ = {isa = PBXBuildFile; fileRef = DF14331A22D5C22A000BAEF5 /* ViewContainsLoadingView.swift */; };
		DF14336822D5C22C000BAEF5 /* ViewHasToolBar.swift in Sources */ = {isa = PBXBuildFile; fileRef = DF14331B22D5C22A000BAEF5 /* ViewHasToolBar.swift */; };
		DF14336922D5C22C000BAEF5 /* PopoverControllerProtocol.swift in Sources */ = {isa = PBXBuildFile; fileRef = DF14331D22D5C22A000BAEF5 /* PopoverControllerProtocol.swift */; };
		DF14336A22D5C22C000BAEF5 /* SimplePopoverCell.xib in Resources */ = {isa = PBXBuildFile; fileRef = DF14331E22D5C22A000BAEF5 /* SimplePopoverCell.xib */; };
		DF14336B22D5C22C000BAEF5 /* SimplePopoverViewController.xib in Resources */ = {isa = PBXBuildFile; fileRef = DF14331F22D5C22A000BAEF5 /* SimplePopoverViewController.xib */; };
		DF14336C22D5C22C000BAEF5 /* SimplePopoverViewController.swift in Sources */ = {isa = PBXBuildFile; fileRef = DF14332022D5C22A000BAEF5 /* SimplePopoverViewController.swift */; };
		DF14336D22D5C22C000BAEF5 /* SimplePopoverCell.swift in Sources */ = {isa = PBXBuildFile; fileRef = DF14332122D5C22A000BAEF5 /* SimplePopoverCell.swift */; };
		DF14336E22D5C22C000BAEF5 /* AlertViewController.xib in Resources */ = {isa = PBXBuildFile; fileRef = DF14332322D5C22A000BAEF5 /* AlertViewController.xib */; };
		DF14336F22D5C22C000BAEF5 /* AlertConfirmViewController.xib in Resources */ = {isa = PBXBuildFile; fileRef = DF14332422D5C22A000BAEF5 /* AlertConfirmViewController.xib */; };
		DF14337022D5C22C000BAEF5 /* AlertViewController.swift in Sources */ = {isa = PBXBuildFile; fileRef = DF14332522D5C22A000BAEF5 /* AlertViewController.swift */; };
		DF14337122D5C22C000BAEF5 /* AlertConfirmViewController.swift in Sources */ = {isa = PBXBuildFile; fileRef = DF14332622D5C22A000BAEF5 /* AlertConfirmViewController.swift */; };
		DF14337222D5C22C000BAEF5 /* LoadingView.xib in Resources */ = {isa = PBXBuildFile; fileRef = DF14332722D5C22A000BAEF5 /* LoadingView.xib */; };
		DF14337322D5C22C000BAEF5 /* FormatLoadingView.swift in Sources */ = {isa = PBXBuildFile; fileRef = DF14332822D5C22A000BAEF5 /* FormatLoadingView.swift */; };
		DF14337422D5C22C000BAEF5 /* FormatLoadingView.xib in Resources */ = {isa = PBXBuildFile; fileRef = DF14332922D5C22A000BAEF5 /* FormatLoadingView.xib */; };
		DF14337522D5C22C000BAEF5 /* LoadingView.swift in Sources */ = {isa = PBXBuildFile; fileRef = DF14332A22D5C22A000BAEF5 /* LoadingView.swift */; };
		DF14337622D5C22C000BAEF5 /* LoadMoreActivityIndicator.swift in Sources */ = {isa = PBXBuildFile; fileRef = DF14332B22D5C22A000BAEF5 /* LoadMoreActivityIndicator.swift */; };
		DF14337922D5C22C000BAEF5 /* BaseResponse.swift in Sources */ = {isa = PBXBuildFile; fileRef = DF14333122D5C22A000BAEF5 /* BaseResponse.swift */; };
		DF14337A22D5C22C000BAEF5 /* Repository.swift in Sources */ = {isa = PBXBuildFile; fileRef = DF14333222D5C22A000BAEF5 /* Repository.swift */; };
		DF14337B22D5C22C000BAEF5 /* ApiResponse.swift in Sources */ = {isa = PBXBuildFile; fileRef = DF14333322D5C22A000BAEF5 /* ApiResponse.swift */; };
		DF14337C22D5C22C000BAEF5 /* BaseRepository.swift in Sources */ = {isa = PBXBuildFile; fileRef = DF14333422D5C22A000BAEF5 /* BaseRepository.swift */; };
		DF14337D22D5C22C000BAEF5 /* ImageLoader.swift in Sources */ = {isa = PBXBuildFile; fileRef = DF14333622D5C22A000BAEF5 /* ImageLoader.swift */; };
		DF14337E22D5C22C000BAEF5 /* TextSize.swift in Sources */ = {isa = PBXBuildFile; fileRef = DF14333722D5C22A000BAEF5 /* TextSize.swift */; };
		DF14337F22D5C22C000BAEF5 /* GifImage.swift in Sources */ = {isa = PBXBuildFile; fileRef = DF14333822D5C22A000BAEF5 /* GifImage.swift */; };
		DF14338022D5C22C000BAEF5 /* JsonUtility.swift in Sources */ = {isa = PBXBuildFile; fileRef = DF14333922D5C22A000BAEF5 /* JsonUtility.swift */; };
		DF14338122D5C22C000BAEF5 /* Operators.swift in Sources */ = {isa = PBXBuildFile; fileRef = DF14333A22D5C22A000BAEF5 /* Operators.swift */; };
		DF14338222D5C22C000BAEF5 /* Utils.swift in Sources */ = {isa = PBXBuildFile; fileRef = DF14333B22D5C22B000BAEF5 /* Utils.swift */; };
		DF14338522D5C22C000BAEF5 /* LoadMoreFooterView.swift in Sources */ = {isa = PBXBuildFile; fileRef = DF14334122D5C22C000BAEF5 /* LoadMoreFooterView.swift */; };
		DF14338622D5C22C000BAEF5 /* LoadMoreFooterView.xib in Resources */ = {isa = PBXBuildFile; fileRef = DF14334222D5C22C000BAEF5 /* LoadMoreFooterView.xib */; };
		DF14338722D5C22C000BAEF5 /* JsonParserManager.swift in Sources */ = {isa = PBXBuildFile; fileRef = DF14334422D5C22C000BAEF5 /* JsonParserManager.swift */; };
		DF14338822D5C22C000BAEF5 /* UrlConst.swift in Sources */ = {isa = PBXBuildFile; fileRef = DF14334522D5C22C000BAEF5 /* UrlConst.swift */; };
		DF14338922D5C22C000BAEF5 /* AppConst.swift in Sources */ = {isa = PBXBuildFile; fileRef = DF14334622D5C22C000BAEF5 /* AppConst.swift */; };
		DF14338B22D5C22C000BAEF5 /* UserDataManager.swift in Sources */ = {isa = PBXBuildFile; fileRef = DF14334A22D5C22C000BAEF5 /* UserDataManager.swift */; };
		DF67479E22C07FB100735AC9 /* AppDelegate.swift in Sources */ = {isa = PBXBuildFile; fileRef = DF67479D22C07FB100735AC9 /* AppDelegate.swift */; };
		DF6747A022C07FB100735AC9 /* AuthenticationVC.swift in Sources */ = {isa = PBXBuildFile; fileRef = DF67479F22C07FB100735AC9 /* AuthenticationVC.swift */; };
		DF6747A322C07FB100735AC9 /* Main.storyboard in Resources */ = {isa = PBXBuildFile; fileRef = DF6747A122C07FB100735AC9 /* Main.storyboard */; };
		DF6747A522C07FB200735AC9 /* Assets.xcassets in Resources */ = {isa = PBXBuildFile; fileRef = DF6747A422C07FB200735AC9 /* Assets.xcassets */; };
		DF6747A822C07FB200735AC9 /* LaunchScreen.storyboard in Resources */ = {isa = PBXBuildFile; fileRef = DF6747A622C07FB200735AC9 /* LaunchScreen.storyboard */; };
/* End PBXBuildFile section */

/* Begin PBXFileReference section */
		1B0BEDD6E272EB38F966E203 /* Pods-Social Network.release.xcconfig */ = {isa = PBXFileReference; includeInIndex = 1; lastKnownFileType = text.xcconfig; name = "Pods-Social Network.release.xcconfig"; path = "Pods/Target Support Files/Pods-Social Network/Pods-Social Network.release.xcconfig"; sourceTree = "<group>"; };
		67FD01ED1EC2840C900DDD01 /* Pods-Social Network.debug.xcconfig */ = {isa = PBXFileReference; includeInIndex = 1; lastKnownFileType = text.xcconfig; name = "Pods-Social Network.debug.xcconfig"; path = "Pods/Target Support Files/Pods-Social Network/Pods-Social Network.debug.xcconfig"; sourceTree = "<group>"; };
		C804177D22DC7543001A9BB5 /* CellComment.swift */ = {isa = PBXFileReference; lastKnownFileType = sourcecode.swift; path = CellComment.swift; sourceTree = "<group>"; };
		C804177E22DC7543001A9BB5 /* CellComment.xib */ = {isa = PBXFileReference; lastKnownFileType = file.xib; path = CellComment.xib; sourceTree = "<group>"; };
		C804213C22D89003004562C1 /* PostPublicModel.swift */ = {isa = PBXFileReference; lastKnownFileType = sourcecode.swift; path = PostPublicModel.swift; sourceTree = "<group>"; };
		C804213E22D8916E004562C1 /* LoginModel.swift */ = {isa = PBXFileReference; lastKnownFileType = sourcecode.swift; path = LoginModel.swift; sourceTree = "<group>"; };
		C804214022D89350004562C1 /* ExtentionHomeVC + UISideMenu.swift */ = {isa = PBXFileReference; lastKnownFileType = sourcecode.swift; path = "ExtentionHomeVC + UISideMenu.swift"; sourceTree = "<group>"; };
		C804214222D898E1004562C1 /* HomeVCExtention + TableView.swift */ = {isa = PBXFileReference; lastKnownFileType = sourcecode.swift; path = "HomeVCExtention + TableView.swift"; sourceTree = "<group>"; };
		C8047F1A22E05AB500FC5799 /* ListFriendVC.swift */ = {isa = PBXFileReference; lastKnownFileType = sourcecode.swift; path = ListFriendVC.swift; sourceTree = "<group>"; };
		C8047F1B22E05AB500FC5799 /* ListFriendVC.xib */ = {isa = PBXFileReference; lastKnownFileType = file.xib; path = ListFriendVC.xib; sourceTree = "<group>"; };
		C8047F1E22E0615F00FC5799 /* UserModel.swift */ = {isa = PBXFileReference; lastKnownFileType = sourcecode.swift; path = UserModel.swift; sourceTree = "<group>"; };
		C8047F2122E06BB700FC5799 /* ChatHistoryVC.swift */ = {isa = PBXFileReference; lastKnownFileType = sourcecode.swift; path = ChatHistoryVC.swift; sourceTree = "<group>"; };
		C8047F2222E06BB700FC5799 /* ChatHistoryVC.xib */ = {isa = PBXFileReference; lastKnownFileType = file.xib; path = ChatHistoryVC.xib; sourceTree = "<group>"; };
		C806CDBF22D5D528002E16F4 /* RegisterModel.swift */ = {isa = PBXFileReference; lastKnownFileType = sourcecode.swift; path = RegisterModel.swift; sourceTree = "<group>"; };
		C80B027422FD706E00928713 /* MyPostVC.swift */ = {isa = PBXFileReference; lastKnownFileType = sourcecode.swift; path = MyPostVC.swift; sourceTree = "<group>"; };
		C80B027522FD706E00928713 /* MyPostVC.xib */ = {isa = PBXFileReference; lastKnownFileType = file.xib; path = MyPostVC.xib; sourceTree = "<group>"; };
		C80B027822FD7D6800928713 /* ExtentionMyPostVC + UISideMenu.swift */ = {isa = PBXFileReference; lastKnownFileType = sourcecode.swift; path = "ExtentionMyPostVC + UISideMenu.swift"; sourceTree = "<group>"; };
		C80B027A22FD7DD300928713 /* MyPostVCExtention + TableView.swift */ = {isa = PBXFileReference; lastKnownFileType = sourcecode.swift; path = "MyPostVCExtention + TableView.swift"; sourceTree = "<group>"; };
		C80B404A22EECE8600B6A613 /* ShowCommentVC.swift */ = {isa = PBXFileReference; lastKnownFileType = sourcecode.swift; path = ShowCommentVC.swift; sourceTree = "<group>"; };
		C80B404B22EECE8600B6A613 /* ShowCommentVC.xib */ = {isa = PBXFileReference; lastKnownFileType = file.xib; path = ShowCommentVC.xib; sourceTree = "<group>"; };
		C81A4CBE22EFE6D700352CD1 /* ShowImageVC.swift */ = {isa = PBXFileReference; lastKnownFileType = sourcecode.swift; path = ShowImageVC.swift; sourceTree = "<group>"; };
		C81A4CBF22EFE6D700352CD1 /* ShowImageVC.xib */ = {isa = PBXFileReference; lastKnownFileType = file.xib; path = ShowImageVC.xib; sourceTree = "<group>"; };
		C81A4CC322EFE8A100352CD1 /* CellShowImage.swift */ = {isa = PBXFileReference; lastKnownFileType = sourcecode.swift; path = CellShowImage.swift; sourceTree = "<group>"; };
		C81A4CC422EFE8A100352CD1 /* CellShowImage.xib */ = {isa = PBXFileReference; lastKnownFileType = file.xib; path = CellShowImage.xib; sourceTree = "<group>"; };
		C81BA34922E954D40039CD35 /* CellListFriend.swift */ = {isa = PBXFileReference; lastKnownFileType = sourcecode.swift; path = CellListFriend.swift; sourceTree = "<group>"; };
		C81BA34A22E954D40039CD35 /* CellListFriend.xib */ = {isa = PBXFileReference; lastKnownFileType = file.xib; path = CellListFriend.xib; sourceTree = "<group>"; };
		C81BA34E22E957EB0039CD35 /* CellChat2.swift */ = {isa = PBXFileReference; lastKnownFileType = sourcecode.swift; path = CellChat2.swift; sourceTree = "<group>"; };
		C81BA34F22E957EB0039CD35 /* CellChat2.xib */ = {isa = PBXFileReference; lastKnownFileType = file.xib; path = CellChat2.xib; sourceTree = "<group>"; };
		C8229E4122DC18760045A1C2 /* LaunchVC.swift */ = {isa = PBXFileReference; lastKnownFileType = sourcecode.swift; path = LaunchVC.swift; sourceTree = "<group>"; };
		C8229E4422DC21BF0045A1C2 /* CellMain.swift */ = {isa = PBXFileReference; lastKnownFileType = sourcecode.swift; path = CellMain.swift; sourceTree = "<group>"; };
		C8229E4522DC21BF0045A1C2 /* CellMain.xib */ = {isa = PBXFileReference; lastKnownFileType = file.xib; path = CellMain.xib; sourceTree = "<group>"; };
		C8229E4822DC586C0045A1C2 /* RandomImage.swift */ = {isa = PBXFileReference; lastKnownFileType = sourcecode.swift; path = RandomImage.swift; sourceTree = "<group>"; };
		C82C0C9222DECEF8001C2D8D /* GoogleService-Info.plist */ = {isa = PBXFileReference; fileEncoding = 4; lastKnownFileType = text.plist.xml; path = "GoogleService-Info.plist"; sourceTree = "<group>"; };
		C82C0C9522DEFA05001C2D8D /* PostNewVC.swift */ = {isa = PBXFileReference; lastKnownFileType = sourcecode.swift; path = PostNewVC.swift; sourceTree = "<group>"; };
		C8383B1C22D710E300E897BE /* HomeVC.swift */ = {isa = PBXFileReference; lastKnownFileType = sourcecode.swift; path = HomeVC.swift; sourceTree = "<group>"; };
		C8383B1F22D7111800E897BE /* MenuVC.swift */ = {isa = PBXFileReference; lastKnownFileType = sourcecode.swift; path = MenuVC.swift; sourceTree = "<group>"; };
		C8383B2022D7111800E897BE /* MenuVC.xib */ = {isa = PBXFileReference; lastKnownFileType = file.xib; path = MenuVC.xib; sourceTree = "<group>"; };
		C8383B2422D7127500E897BE /* CellMenu.swift */ = {isa = PBXFileReference; lastKnownFileType = sourcecode.swift; path = CellMenu.swift; sourceTree = "<group>"; };
		C8383B2522D7127500E897BE /* CellMenu.xib */ = {isa = PBXFileReference; lastKnownFileType = file.xib; path = CellMenu.xib; sourceTree = "<group>"; };
		C8383B2922D723EA00E897BE /* MenuModel.swift */ = {isa = PBXFileReference; lastKnownFileType = sourcecode.swift; path = MenuModel.swift; sourceTree = "<group>"; };
		C8C2208722E5952400D85639 /* ProfileRegisterVC.swift */ = {isa = PBXFileReference; lastKnownFileType = sourcecode.swift; path = ProfileRegisterVC.swift; sourceTree = "<group>"; };
		C8C2208922E597AB00D85639 /* UpdateProfileModel.swift */ = {isa = PBXFileReference; lastKnownFileType = sourcecode.swift; path = UpdateProfileModel.swift; sourceTree = "<group>"; };
		C8C2208D22E59AC700D85639 /* ProfileModel.swift */ = {isa = PBXFileReference; lastKnownFileType = sourcecode.swift; path = ProfileModel.swift; sourceTree = "<group>"; };
		DF0E122522FC36890002EF3C /* MyPostModel.swift */ = {isa = PBXFileReference; lastKnownFileType = sourcecode.swift; path = MyPostModel.swift; sourceTree = "<group>"; };
		DF1432F922D5C22A000BAEF5 /* UIApplication+Extension.swift */ = {isa = PBXFileReference; fileEncoding = 4; lastKnownFileType = sourcecode.swift; path = "UIApplication+Extension.swift"; sourceTree = "<group>"; };
		DF1432FA22D5C22A000BAEF5 /* UIImageView+Extension.swift */ = {isa = PBXFileReference; fileEncoding = 4; lastKnownFileType = sourcecode.swift; path = "UIImageView+Extension.swift"; sourceTree = "<group>"; };
		DF1432FB22D5C22A000BAEF5 /* Label.swift */ = {isa = PBXFileReference; fileEncoding = 4; lastKnownFileType = sourcecode.swift; path = Label.swift; sourceTree = "<group>"; };
		DF1432FC22D5C22A000BAEF5 /* UIFont+Extension.swift */ = {isa = PBXFileReference; fileEncoding = 4; lastKnownFileType = sourcecode.swift; path = "UIFont+Extension.swift"; sourceTree = "<group>"; };
		DF1432FD22D5C22A000BAEF5 /* UIColor+Extension.swift */ = {isa = PBXFileReference; fileEncoding = 4; lastKnownFileType = sourcecode.swift; path = "UIColor+Extension.swift"; sourceTree = "<group>"; };
		DF1432FE22D5C22A000BAEF5 /* UILabel+Extension.swift */ = {isa = PBXFileReference; fileEncoding = 4; lastKnownFileType = sourcecode.swift; path = "UILabel+Extension.swift"; sourceTree = "<group>"; };
		DF1432FF22D5C22A000BAEF5 /* Collection+Extension.swift */ = {isa = PBXFileReference; fileEncoding = 4; lastKnownFileType = sourcecode.swift; path = "Collection+Extension.swift"; sourceTree = "<group>"; };
		DF14330022D5C22A000BAEF5 /* UIButton+Extension.swift */ = {isa = PBXFileReference; fileEncoding = 4; lastKnownFileType = sourcecode.swift; path = "UIButton+Extension.swift"; sourceTree = "<group>"; };
		DF14330122D5C22A000BAEF5 /* UIView+Extension.swift */ = {isa = PBXFileReference; fileEncoding = 4; lastKnownFileType = sourcecode.swift; path = "UIView+Extension.swift"; sourceTree = "<group>"; };
		DF14330222D5C22A000BAEF5 /* UIImage+Extension.swift */ = {isa = PBXFileReference; fileEncoding = 4; lastKnownFileType = sourcecode.swift; path = "UIImage+Extension.swift"; sourceTree = "<group>"; };
		DF14330322D5C22A000BAEF5 /* UIViewController+Extension.swift */ = {isa = PBXFileReference; fileEncoding = 4; lastKnownFileType = sourcecode.swift; path = "UIViewController+Extension.swift"; sourceTree = "<group>"; };
		DF14330422D5C22A000BAEF5 /* String+Extension.swift */ = {isa = PBXFileReference; fileEncoding = 4; lastKnownFileType = sourcecode.swift; path = "String+Extension.swift"; sourceTree = "<group>"; };
		DF14330522D5C22A000BAEF5 /* UIResponder.swift */ = {isa = PBXFileReference; fileEncoding = 4; lastKnownFileType = sourcecode.swift; path = UIResponder.swift; sourceTree = "<group>"; };
		DF14330622D5C22A000BAEF5 /* UITapGestureRecognizer+Extension.swift */ = {isa = PBXFileReference; fileEncoding = 4; lastKnownFileType = sourcecode.swift; path = "UITapGestureRecognizer+Extension.swift"; sourceTree = "<group>"; };
		DF14330722D5C22A000BAEF5 /* Range+Extension.swift */ = {isa = PBXFileReference; fileEncoding = 4; lastKnownFileType = sourcecode.swift; path = "Range+Extension.swift"; sourceTree = "<group>"; };
		DF14330822D5C22A000BAEF5 /* UITapgestureRecognizer.swift */ = {isa = PBXFileReference; fileEncoding = 4; lastKnownFileType = sourcecode.swift; path = UITapgestureRecognizer.swift; sourceTree = "<group>"; };
		DF14330A22D5C22A000BAEF5 /* Connectivity.swift */ = {isa = PBXFileReference; fileEncoding = 4; lastKnownFileType = sourcecode.swift; path = Connectivity.swift; sourceTree = "<group>"; };
		DF14330C22D5C22A000BAEF5 /* AppVariable.swift */ = {isa = PBXFileReference; fileEncoding = 4; lastKnownFileType = sourcecode.swift; path = AppVariable.swift; sourceTree = "<group>"; };
		DF14330E22D5C22A000BAEF5 /* LocationManager.swift */ = {isa = PBXFileReference; fileEncoding = 4; lastKnownFileType = sourcecode.swift; path = LocationManager.swift; sourceTree = "<group>"; };
		DF14331022D5C22A000BAEF5 /* BaseViewController.swift */ = {isa = PBXFileReference; fileEncoding = 4; lastKnownFileType = sourcecode.swift; path = BaseViewController.swift; sourceTree = "<group>"; };
		DF14331122D5C22A000BAEF5 /* BaseViewModel.swift */ = {isa = PBXFileReference; fileEncoding = 4; lastKnownFileType = sourcecode.swift; path = BaseViewModel.swift; sourceTree = "<group>"; };
		DF14331222D5C22A000BAEF5 /* BasePopup.swift */ = {isa = PBXFileReference; fileEncoding = 4; lastKnownFileType = sourcecode.swift; path = BasePopup.swift; sourceTree = "<group>"; };
		DF14331322D5C22A000BAEF5 /* UIBoldLabel.swift */ = {isa = PBXFileReference; fileEncoding = 4; lastKnownFileType = sourcecode.swift; path = UIBoldLabel.swift; sourceTree = "<group>"; };
		DF14331422D5C22A000BAEF5 /* NCBaseViewController.swift */ = {isa = PBXFileReference; fileEncoding = 4; lastKnownFileType = sourcecode.swift; path = NCBaseViewController.swift; sourceTree = "<group>"; };
		DF14331522D5C22A000BAEF5 /* UIRegularLabel.swift */ = {isa = PBXFileReference; fileEncoding = 4; lastKnownFileType = sourcecode.swift; path = UIRegularLabel.swift; sourceTree = "<group>"; };
		DF14331622D5C22A000BAEF5 /* Localizable.swift */ = {isa = PBXFileReference; fileEncoding = 4; lastKnownFileType = sourcecode.swift; path = Localizable.swift; sourceTree = "<group>"; };
		DF14331722D5C22A000BAEF5 /* BaseView.swift */ = {isa = PBXFileReference; fileEncoding = 4; lastKnownFileType = sourcecode.swift; path = BaseView.swift; sourceTree = "<group>"; };
		DF14331822D5C22A000BAEF5 /* JSONParser.swift */ = {isa = PBXFileReference; fileEncoding = 4; lastKnownFileType = sourcecode.swift; path = JSONParser.swift; sourceTree = "<group>"; };
		DF14331A22D5C22A000BAEF5 /* ViewContainsLoadingView.swift */ = {isa = PBXFileReference; fileEncoding = 4; lastKnownFileType = sourcecode.swift; path = ViewContainsLoadingView.swift; sourceTree = "<group>"; };
		DF14331B22D5C22A000BAEF5 /* ViewHasToolBar.swift */ = {isa = PBXFileReference; fileEncoding = 4; lastKnownFileType = sourcecode.swift; path = ViewHasToolBar.swift; sourceTree = "<group>"; };
		DF14331D22D5C22A000BAEF5 /* PopoverControllerProtocol.swift */ = {isa = PBXFileReference; fileEncoding = 4; lastKnownFileType = sourcecode.swift; path = PopoverControllerProtocol.swift; sourceTree = "<group>"; };
		DF14331E22D5C22A000BAEF5 /* SimplePopoverCell.xib */ = {isa = PBXFileReference; fileEncoding = 4; lastKnownFileType = file.xib; path = SimplePopoverCell.xib; sourceTree = "<group>"; };
		DF14331F22D5C22A000BAEF5 /* SimplePopoverViewController.xib */ = {isa = PBXFileReference; fileEncoding = 4; lastKnownFileType = file.xib; path = SimplePopoverViewController.xib; sourceTree = "<group>"; };
		DF14332022D5C22A000BAEF5 /* SimplePopoverViewController.swift */ = {isa = PBXFileReference; fileEncoding = 4; lastKnownFileType = sourcecode.swift; path = SimplePopoverViewController.swift; sourceTree = "<group>"; };
		DF14332122D5C22A000BAEF5 /* SimplePopoverCell.swift */ = {isa = PBXFileReference; fileEncoding = 4; lastKnownFileType = sourcecode.swift; path = SimplePopoverCell.swift; sourceTree = "<group>"; };
		DF14332322D5C22A000BAEF5 /* AlertViewController.xib */ = {isa = PBXFileReference; fileEncoding = 4; lastKnownFileType = file.xib; path = AlertViewController.xib; sourceTree = "<group>"; };
		DF14332422D5C22A000BAEF5 /* AlertConfirmViewController.xib */ = {isa = PBXFileReference; fileEncoding = 4; lastKnownFileType = file.xib; path = AlertConfirmViewController.xib; sourceTree = "<group>"; };
		DF14332522D5C22A000BAEF5 /* AlertViewController.swift */ = {isa = PBXFileReference; fileEncoding = 4; lastKnownFileType = sourcecode.swift; path = AlertViewController.swift; sourceTree = "<group>"; };
		DF14332622D5C22A000BAEF5 /* AlertConfirmViewController.swift */ = {isa = PBXFileReference; fileEncoding = 4; lastKnownFileType = sourcecode.swift; path = AlertConfirmViewController.swift; sourceTree = "<group>"; };
		DF14332722D5C22A000BAEF5 /* LoadingView.xib */ = {isa = PBXFileReference; fileEncoding = 4; lastKnownFileType = file.xib; path = LoadingView.xib; sourceTree = "<group>"; };
		DF14332822D5C22A000BAEF5 /* FormatLoadingView.swift */ = {isa = PBXFileReference; fileEncoding = 4; lastKnownFileType = sourcecode.swift; path = FormatLoadingView.swift; sourceTree = "<group>"; };
		DF14332922D5C22A000BAEF5 /* FormatLoadingView.xib */ = {isa = PBXFileReference; fileEncoding = 4; lastKnownFileType = file.xib; path = FormatLoadingView.xib; sourceTree = "<group>"; };
		DF14332A22D5C22A000BAEF5 /* LoadingView.swift */ = {isa = PBXFileReference; fileEncoding = 4; lastKnownFileType = sourcecode.swift; path = LoadingView.swift; sourceTree = "<group>"; };
		DF14332B22D5C22A000BAEF5 /* LoadMoreActivityIndicator.swift */ = {isa = PBXFileReference; fileEncoding = 4; lastKnownFileType = sourcecode.swift; path = LoadMoreActivityIndicator.swift; sourceTree = "<group>"; };
		DF14333122D5C22A000BAEF5 /* BaseResponse.swift */ = {isa = PBXFileReference; fileEncoding = 4; lastKnownFileType = sourcecode.swift; path = BaseResponse.swift; sourceTree = "<group>"; };
		DF14333222D5C22A000BAEF5 /* Repository.swift */ = {isa = PBXFileReference; fileEncoding = 4; lastKnownFileType = sourcecode.swift; path = Repository.swift; sourceTree = "<group>"; };
		DF14333322D5C22A000BAEF5 /* ApiResponse.swift */ = {isa = PBXFileReference; fileEncoding = 4; lastKnownFileType = sourcecode.swift; path = ApiResponse.swift; sourceTree = "<group>"; };
		DF14333422D5C22A000BAEF5 /* BaseRepository.swift */ = {isa = PBXFileReference; fileEncoding = 4; lastKnownFileType = sourcecode.swift; path = BaseRepository.swift; sourceTree = "<group>"; };
		DF14333622D5C22A000BAEF5 /* ImageLoader.swift */ = {isa = PBXFileReference; fileEncoding = 4; lastKnownFileType = sourcecode.swift; path = ImageLoader.swift; sourceTree = "<group>"; };
		DF14333722D5C22A000BAEF5 /* TextSize.swift */ = {isa = PBXFileReference; fileEncoding = 4; lastKnownFileType = sourcecode.swift; path = TextSize.swift; sourceTree = "<group>"; };
		DF14333822D5C22A000BAEF5 /* GifImage.swift */ = {isa = PBXFileReference; fileEncoding = 4; lastKnownFileType = sourcecode.swift; path = GifImage.swift; sourceTree = "<group>"; };
		DF14333922D5C22A000BAEF5 /* JsonUtility.swift */ = {isa = PBXFileReference; fileEncoding = 4; lastKnownFileType = sourcecode.swift; path = JsonUtility.swift; sourceTree = "<group>"; };
		DF14333A22D5C22A000BAEF5 /* Operators.swift */ = {isa = PBXFileReference; fileEncoding = 4; lastKnownFileType = sourcecode.swift; path = Operators.swift; sourceTree = "<group>"; };
		DF14333B22D5C22B000BAEF5 /* Utils.swift */ = {isa = PBXFileReference; fileEncoding = 4; lastKnownFileType = sourcecode.swift; path = Utils.swift; sourceTree = "<group>"; };
		DF14334122D5C22C000BAEF5 /* LoadMoreFooterView.swift */ = {isa = PBXFileReference; fileEncoding = 4; lastKnownFileType = sourcecode.swift; path = LoadMoreFooterView.swift; sourceTree = "<group>"; };
		DF14334222D5C22C000BAEF5 /* LoadMoreFooterView.xib */ = {isa = PBXFileReference; fileEncoding = 4; lastKnownFileType = file.xib; path = LoadMoreFooterView.xib; sourceTree = "<group>"; };
		DF14334422D5C22C000BAEF5 /* JsonParserManager.swift */ = {isa = PBXFileReference; fileEncoding = 4; lastKnownFileType = sourcecode.swift; path = JsonParserManager.swift; sourceTree = "<group>"; };
		DF14334522D5C22C000BAEF5 /* UrlConst.swift */ = {isa = PBXFileReference; fileEncoding = 4; lastKnownFileType = sourcecode.swift; path = UrlConst.swift; sourceTree = "<group>"; };
		DF14334622D5C22C000BAEF5 /* AppConst.swift */ = {isa = PBXFileReference; fileEncoding = 4; lastKnownFileType = sourcecode.swift; path = AppConst.swift; sourceTree = "<group>"; };
		DF14334A22D5C22C000BAEF5 /* UserDataManager.swift */ = {isa = PBXFileReference; fileEncoding = 4; lastKnownFileType = sourcecode.swift; path = UserDataManager.swift; sourceTree = "<group>"; };
		DF67479A22C07FB100735AC9 /* Social Network.app */ = {isa = PBXFileReference; explicitFileType = wrapper.application; includeInIndex = 0; path = "Social Network.app"; sourceTree = BUILT_PRODUCTS_DIR; };
		DF67479D22C07FB100735AC9 /* AppDelegate.swift */ = {isa = PBXFileReference; lastKnownFileType = sourcecode.swift; path = AppDelegate.swift; sourceTree = "<group>"; };
		DF67479F22C07FB100735AC9 /* AuthenticationVC.swift */ = {isa = PBXFileReference; lastKnownFileType = sourcecode.swift; path = AuthenticationVC.swift; sourceTree = "<group>"; };
		DF6747A222C07FB100735AC9 /* Base */ = {isa = PBXFileReference; lastKnownFileType = file.storyboard; name = Base; path = Base.lproj/Main.storyboard; sourceTree = "<group>"; };
		DF6747A422C07FB200735AC9 /* Assets.xcassets */ = {isa = PBXFileReference; lastKnownFileType = folder.assetcatalog; path = Assets.xcassets; sourceTree = "<group>"; };
		DF6747A722C07FB200735AC9 /* Base */ = {isa = PBXFileReference; lastKnownFileType = file.storyboard; name = Base; path = Base.lproj/LaunchScreen.storyboard; sourceTree = "<group>"; };
		DF6747A922C07FB200735AC9 /* Info.plist */ = {isa = PBXFileReference; lastKnownFileType = text.plist.xml; path = Info.plist; sourceTree = "<group>"; };
		F0A974658951121B1B20476B /* Pods_Social_Network.framework */ = {isa = PBXFileReference; explicitFileType = wrapper.framework; includeInIndex = 0; path = Pods_Social_Network.framework; sourceTree = BUILT_PRODUCTS_DIR; };
/* End PBXFileReference section */

/* Begin PBXFrameworksBuildPhase section */
		DF67479722C07FB100735AC9 /* Frameworks */ = {
			isa = PBXFrameworksBuildPhase;
			buildActionMask = 2147483647;
			files = (
				125626290EFBB8A8956C9B6C /* Pods_Social_Network.framework in Frameworks */,
			);
			runOnlyForDeploymentPostprocessing = 0;
		};
/* End PBXFrameworksBuildPhase section */

/* Begin PBXGroup section */
		6DEF959B1F470A1D758DCD85 /* Frameworks */ = {
			isa = PBXGroup;
			children = (
				F0A974658951121B1B20476B /* Pods_Social_Network.framework */,
			);
			name = Frameworks;
			sourceTree = "<group>";
		};
		C804177C22DC752C001A9BB5 /* CellComment */ = {
			isa = PBXGroup;
			children = (
				C804177D22DC7543001A9BB5 /* CellComment.swift */,
				C804177E22DC7543001A9BB5 /* CellComment.xib */,
			);
			path = CellComment;
			sourceTree = "<group>";
		};
		C8047F1822E05A2200FC5799 /* Profile */ = {
			isa = PBXGroup;
			children = (
			);
			path = Profile;
			sourceTree = "<group>";
		};
		C8047F1922E05A3900FC5799 /* ListFriend */ = {
			isa = PBXGroup;
			children = (
				C81BA34822E954A70039CD35 /* CellListFriend */,
				C8047F1A22E05AB500FC5799 /* ListFriendVC.swift */,
				C8047F1B22E05AB500FC5799 /* ListFriendVC.xib */,
			);
			path = ListFriend;
			sourceTree = "<group>";
		};
		C8047F2022E06B9D00FC5799 /* ChatHistory */ = {
			isa = PBXGroup;
			children = (
				C81BA34D22E957D00039CD35 /* CellChat2 */,
				C8047F2122E06BB700FC5799 /* ChatHistoryVC.swift */,
				C8047F2222E06BB700FC5799 /* ChatHistoryVC.xib */,
			);
			path = ChatHistory;
			sourceTree = "<group>";
		};
		C806CDBD22D5D4FD002E16F4 /* Main */ = {
			isa = PBXGroup;
			children = (
				C8C2208222E5947E00D85639 /* Profile */,
				C82C0C9422DEF9A1001C2D8D /* PostNew */,
				C806CDBE22D5D517002E16F4 /* Model */,
				DF6749A322C08CFE00735AC9 /* Authentication */,
				C8383B1B22D710BE00E897BE /* HomeVC */,
				C8383B1E22D710FA00E897BE /* MenuVC */,
			);
			path = Main;
			sourceTree = "<group>";
		};
		C806CDBE22D5D517002E16F4 /* Model */ = {
			isa = PBXGroup;
			children = (
				C806CDBF22D5D528002E16F4 /* RegisterModel.swift */,
				C8383B2922D723EA00E897BE /* MenuModel.swift */,
				C804213C22D89003004562C1 /* PostPublicModel.swift */,
				C804213E22D8916E004562C1 /* LoginModel.swift */,
				C8229E4822DC586C0045A1C2 /* RandomImage.swift */,
				C8047F1E22E0615F00FC5799 /* UserModel.swift */,
				C8C2208922E597AB00D85639 /* UpdateProfileModel.swift */,
				C8C2208D22E59AC700D85639 /* ProfileModel.swift */,
				DF0E122522FC36890002EF3C /* MyPostModel.swift */,
			);
			path = Model;
			sourceTree = "<group>";
		};
		C80B027322FD704600928713 /* MyPostVc */ = {
			isa = PBXGroup;
			children = (
				C80B027422FD706E00928713 /* MyPostVC.swift */,
				C80B027522FD706E00928713 /* MyPostVC.xib */,
				C80B027822FD7D6800928713 /* ExtentionMyPostVC + UISideMenu.swift */,
				C80B027A22FD7DD300928713 /* MyPostVCExtention + TableView.swift */,
			);
			path = MyPostVc;
			sourceTree = "<group>";
		};
		C80B404922EECE6600B6A613 /* ShowComment */ = {
			isa = PBXGroup;
			children = (
				C80B404A22EECE8600B6A613 /* ShowCommentVC.swift */,
				C80B404B22EECE8600B6A613 /* ShowCommentVC.xib */,
			);
			path = ShowComment;
			sourceTree = "<group>";
		};
		C81A4CBD22EFE6B400352CD1 /* ShowImage */ = {
			isa = PBXGroup;
			children = (
				C81A4CC222EFE87A00352CD1 /* CellShowImage */,
				C81A4CBE22EFE6D700352CD1 /* ShowImageVC.swift */,
				C81A4CBF22EFE6D700352CD1 /* ShowImageVC.xib */,
			);
			path = ShowImage;
			sourceTree = "<group>";
		};
		C81A4CC222EFE87A00352CD1 /* CellShowImage */ = {
			isa = PBXGroup;
			children = (
				C81A4CC322EFE8A100352CD1 /* CellShowImage.swift */,
				C81A4CC422EFE8A100352CD1 /* CellShowImage.xib */,
			);
			path = CellShowImage;
			sourceTree = "<group>";
		};
		C81BA34822E954A70039CD35 /* CellListFriend */ = {
			isa = PBXGroup;
			children = (
				C81BA34922E954D40039CD35 /* CellListFriend.swift */,
				C81BA34A22E954D40039CD35 /* CellListFriend.xib */,
			);
			path = CellListFriend;
			sourceTree = "<group>";
		};
		C81BA34D22E957D00039CD35 /* CellChat2 */ = {
			isa = PBXGroup;
			children = (
				C81BA34E22E957EB0039CD35 /* CellChat2.swift */,
				C81BA34F22E957EB0039CD35 /* CellChat2.xib */,
			);
			path = CellChat2;
			sourceTree = "<group>";
		};
		C8229E4322DC21480045A1C2 /* CellMain */ = {
			isa = PBXGroup;
			children = (
				C8229E4422DC21BF0045A1C2 /* CellMain.swift */,
				C8229E4522DC21BF0045A1C2 /* CellMain.xib */,
			);
			path = CellMain;
			sourceTree = "<group>";
		};
		C82C0C9422DEF9A1001C2D8D /* PostNew */ = {
			isa = PBXGroup;
			children = (
				C82C0C9522DEFA05001C2D8D /* PostNewVC.swift */,
			);
			path = PostNew;
			sourceTree = "<group>";
		};
		C8383B1B22D710BE00E897BE /* HomeVC */ = {
			isa = PBXGroup;
			children = (
				C81A4CBD22EFE6B400352CD1 /* ShowImage */,
				C80B404922EECE6600B6A613 /* ShowComment */,
				C804177C22DC752C001A9BB5 /* CellComment */,
				C8229E4322DC21480045A1C2 /* CellMain */,
				C8383B1C22D710E300E897BE /* HomeVC.swift */,
				C804214022D89350004562C1 /* ExtentionHomeVC + UISideMenu.swift */,
				C804214222D898E1004562C1 /* HomeVCExtention + TableView.swift */,
			);
			path = HomeVC;
			sourceTree = "<group>";
		};
		C8383B1E22D710FA00E897BE /* MenuVC */ = {
			isa = PBXGroup;
			children = (
				C80B027322FD704600928713 /* MyPostVc */,
				C8047F2022E06B9D00FC5799 /* ChatHistory */,
				C8047F1922E05A3900FC5799 /* ListFriend */,
				C8047F1822E05A2200FC5799 /* Profile */,
				C8383B2322D7124400E897BE /* MenuCell */,
				C8383B1F22D7111800E897BE /* MenuVC.swift */,
				C8383B2022D7111800E897BE /* MenuVC.xib */,
			);
			path = MenuVC;
			sourceTree = "<group>";
		};
		C8383B2322D7124400E897BE /* MenuCell */ = {
			isa = PBXGroup;
			children = (
				C8383B2422D7127500E897BE /* CellMenu.swift */,
				C8383B2522D7127500E897BE /* CellMenu.xib */,
			);
			path = MenuCell;
			sourceTree = "<group>";
		};
		C8C2208222E5947E00D85639 /* Profile */ = {
			isa = PBXGroup;
			children = (
				C8C2208722E5952400D85639 /* ProfileRegisterVC.swift */,
			);
			path = Profile;
			sourceTree = "<group>";
		};
		DF1432F722D5C22A000BAEF5 /* Base */ = {
			isa = PBXGroup;
			children = (
				DF1432F822D5C22A000BAEF5 /* Extension */,
				DF14330922D5C22A000BAEF5 /* Connectivity */,
				DF14330B22D5C22A000BAEF5 /* Variable */,
				DF14330D22D5C22A000BAEF5 /* Location */,
				DF14330F22D5C22A000BAEF5 /* Component */,
				DF14331922D5C22A000BAEF5 /* Protocol */,
				DF14331C22D5C22A000BAEF5 /* Popover */,
				DF14332222D5C22A000BAEF5 /* View */,
				DF14332C22D5C22A000BAEF5 /* Services */,
				DF14333522D5C22A000BAEF5 /* Utility */,
			);
			path = Base;
			sourceTree = "<group>";
		};
		DF1432F822D5C22A000BAEF5 /* Extension */ = {
			isa = PBXGroup;
			children = (
				DF1432F922D5C22A000BAEF5 /* UIApplication+Extension.swift */,
				DF1432FA22D5C22A000BAEF5 /* UIImageView+Extension.swift */,
				DF1432FB22D5C22A000BAEF5 /* Label.swift */,
				DF1432FC22D5C22A000BAEF5 /* UIFont+Extension.swift */,
				DF1432FD22D5C22A000BAEF5 /* UIColor+Extension.swift */,
				DF1432FE22D5C22A000BAEF5 /* UILabel+Extension.swift */,
				DF1432FF22D5C22A000BAEF5 /* Collection+Extension.swift */,
				DF14330022D5C22A000BAEF5 /* UIButton+Extension.swift */,
				DF14330122D5C22A000BAEF5 /* UIView+Extension.swift */,
				DF14330222D5C22A000BAEF5 /* UIImage+Extension.swift */,
				DF14330322D5C22A000BAEF5 /* UIViewController+Extension.swift */,
				DF14330422D5C22A000BAEF5 /* String+Extension.swift */,
				DF14330522D5C22A000BAEF5 /* UIResponder.swift */,
				DF14330622D5C22A000BAEF5 /* UITapGestureRecognizer+Extension.swift */,
				DF14330722D5C22A000BAEF5 /* Range+Extension.swift */,
				DF14330822D5C22A000BAEF5 /* UITapgestureRecognizer.swift */,
			);
			path = Extension;
			sourceTree = "<group>";
		};
		DF14330922D5C22A000BAEF5 /* Connectivity */ = {
			isa = PBXGroup;
			children = (
				DF14330A22D5C22A000BAEF5 /* Connectivity.swift */,
			);
			path = Connectivity;
			sourceTree = "<group>";
		};
		DF14330B22D5C22A000BAEF5 /* Variable */ = {
			isa = PBXGroup;
			children = (
				DF14330C22D5C22A000BAEF5 /* AppVariable.swift */,
			);
			path = Variable;
			sourceTree = "<group>";
		};
		DF14330D22D5C22A000BAEF5 /* Location */ = {
			isa = PBXGroup;
			children = (
				DF14330E22D5C22A000BAEF5 /* LocationManager.swift */,
			);
			path = Location;
			sourceTree = "<group>";
		};
		DF14330F22D5C22A000BAEF5 /* Component */ = {
			isa = PBXGroup;
			children = (
				DF14331022D5C22A000BAEF5 /* BaseViewController.swift */,
				DF14331122D5C22A000BAEF5 /* BaseViewModel.swift */,
				DF14331222D5C22A000BAEF5 /* BasePopup.swift */,
				DF14331322D5C22A000BAEF5 /* UIBoldLabel.swift */,
				DF14331422D5C22A000BAEF5 /* NCBaseViewController.swift */,
				DF14331522D5C22A000BAEF5 /* UIRegularLabel.swift */,
				DF14331622D5C22A000BAEF5 /* Localizable.swift */,
				DF14331722D5C22A000BAEF5 /* BaseView.swift */,
				DF14331822D5C22A000BAEF5 /* JSONParser.swift */,
			);
			path = Component;
			sourceTree = "<group>";
		};
		DF14331922D5C22A000BAEF5 /* Protocol */ = {
			isa = PBXGroup;
			children = (
				DF14331A22D5C22A000BAEF5 /* ViewContainsLoadingView.swift */,
				DF14331B22D5C22A000BAEF5 /* ViewHasToolBar.swift */,
			);
			path = Protocol;
			sourceTree = "<group>";
		};
		DF14331C22D5C22A000BAEF5 /* Popover */ = {
			isa = PBXGroup;
			children = (
				DF14331D22D5C22A000BAEF5 /* PopoverControllerProtocol.swift */,
				DF14331E22D5C22A000BAEF5 /* SimplePopoverCell.xib */,
				DF14331F22D5C22A000BAEF5 /* SimplePopoverViewController.xib */,
				DF14332022D5C22A000BAEF5 /* SimplePopoverViewController.swift */,
				DF14332122D5C22A000BAEF5 /* SimplePopoverCell.swift */,
			);
			path = Popover;
			sourceTree = "<group>";
		};
		DF14332222D5C22A000BAEF5 /* View */ = {
			isa = PBXGroup;
			children = (
				DF14332322D5C22A000BAEF5 /* AlertViewController.xib */,
				DF14332422D5C22A000BAEF5 /* AlertConfirmViewController.xib */,
				DF14332522D5C22A000BAEF5 /* AlertViewController.swift */,
				DF14332622D5C22A000BAEF5 /* AlertConfirmViewController.swift */,
				DF14332722D5C22A000BAEF5 /* LoadingView.xib */,
				DF14332822D5C22A000BAEF5 /* FormatLoadingView.swift */,
				DF14332922D5C22A000BAEF5 /* FormatLoadingView.xib */,
				DF14332A22D5C22A000BAEF5 /* LoadingView.swift */,
				DF14332B22D5C22A000BAEF5 /* LoadMoreActivityIndicator.swift */,
			);
			path = View;
			sourceTree = "<group>";
		};
		DF14332C22D5C22A000BAEF5 /* Services */ = {
			isa = PBXGroup;
			children = (
				DF14333022D5C22A000BAEF5 /* Api */,
			);
			path = Services;
			sourceTree = "<group>";
		};
		DF14333022D5C22A000BAEF5 /* Api */ = {
			isa = PBXGroup;
			children = (
				DF14333122D5C22A000BAEF5 /* BaseResponse.swift */,
				DF14333222D5C22A000BAEF5 /* Repository.swift */,
				DF14333322D5C22A000BAEF5 /* ApiResponse.swift */,
				DF14333422D5C22A000BAEF5 /* BaseRepository.swift */,
			);
			path = Api;
			sourceTree = "<group>";
		};
		DF14333522D5C22A000BAEF5 /* Utility */ = {
			isa = PBXGroup;
			children = (
				DF14333622D5C22A000BAEF5 /* ImageLoader.swift */,
				DF14333722D5C22A000BAEF5 /* TextSize.swift */,
				DF14333822D5C22A000BAEF5 /* GifImage.swift */,
				DF14333922D5C22A000BAEF5 /* JsonUtility.swift */,
				DF14333A22D5C22A000BAEF5 /* Operators.swift */,
				DF14333B22D5C22B000BAEF5 /* Utils.swift */,
			);
			path = Utility;
			sourceTree = "<group>";
		};
		DF14333C22D5C22C000BAEF5 /* Core */ = {
			isa = PBXGroup;
			children = (
				DF14334022D5C22C000BAEF5 /* TableView Load More */,
				DF14334322D5C22C000BAEF5 /* Const */,
				DF14334922D5C22C000BAEF5 /* UserData */,
			);
			path = Core;
			sourceTree = "<group>";
		};
		DF14334022D5C22C000BAEF5 /* TableView Load More */ = {
			isa = PBXGroup;
			children = (
				DF14334122D5C22C000BAEF5 /* LoadMoreFooterView.swift */,
				DF14334222D5C22C000BAEF5 /* LoadMoreFooterView.xib */,
			);
			path = "TableView Load More";
			sourceTree = "<group>";
		};
		DF14334322D5C22C000BAEF5 /* Const */ = {
			isa = PBXGroup;
			children = (
				DF14334422D5C22C000BAEF5 /* JsonParserManager.swift */,
				DF14334522D5C22C000BAEF5 /* UrlConst.swift */,
				DF14334622D5C22C000BAEF5 /* AppConst.swift */,
			);
			path = Const;
			sourceTree = "<group>";
		};
		DF14334922D5C22C000BAEF5 /* UserData */ = {
			isa = PBXGroup;
			children = (
				DF14334A22D5C22C000BAEF5 /* UserDataManager.swift */,
			);
			path = UserData;
			sourceTree = "<group>";
		};
		DF67479122C07FB100735AC9 = {
			isa = PBXGroup;
			children = (
				DF67479C22C07FB100735AC9 /* Social Network */,
				DF67479B22C07FB100735AC9 /* Products */,
				E733A143617272DE74A74831 /* Pods */,
				6DEF959B1F470A1D758DCD85 /* Frameworks */,
			);
			sourceTree = "<group>";
		};
		DF67479B22C07FB100735AC9 /* Products */ = {
			isa = PBXGroup;
			children = (
				DF67479A22C07FB100735AC9 /* Social Network.app */,
			);
			name = Products;
			sourceTree = "<group>";
		};
		DF67479C22C07FB100735AC9 /* Social Network */ = {
			isa = PBXGroup;
			children = (
				DF1432F722D5C22A000BAEF5 /* Base */,
				DF14333C22D5C22C000BAEF5 /* Core */,
				C806CDBD22D5D4FD002E16F4 /* Main */,
				DF67479D22C07FB100735AC9 /* AppDelegate.swift */,
				DF6747A122C07FB100735AC9 /* Main.storyboard */,
				DF6747A422C07FB200735AC9 /* Assets.xcassets */,
				DF6747A622C07FB200735AC9 /* LaunchScreen.storyboard */,
				DF6747A922C07FB200735AC9 /* Info.plist */,
				C82C0C9222DECEF8001C2D8D /* GoogleService-Info.plist */,
			);
			path = "Social Network";
			sourceTree = "<group>";
		};
		DF6749A322C08CFE00735AC9 /* Authentication */ = {
			isa = PBXGroup;
			children = (
				DF67479F22C07FB100735AC9 /* AuthenticationVC.swift */,
				C8229E4122DC18760045A1C2 /* LaunchVC.swift */,
			);
			path = Authentication;
			sourceTree = "<group>";
		};
		E733A143617272DE74A74831 /* Pods */ = {
			isa = PBXGroup;
			children = (
				67FD01ED1EC2840C900DDD01 /* Pods-Social Network.debug.xcconfig */,
				1B0BEDD6E272EB38F966E203 /* Pods-Social Network.release.xcconfig */,
			);
			name = Pods;
			sourceTree = "<group>";
		};
/* End PBXGroup section */

/* Begin PBXNativeTarget section */
		DF67479922C07FB100735AC9 /* Social Network */ = {
			isa = PBXNativeTarget;
			buildConfigurationList = DF6747AC22C07FB200735AC9 /* Build configuration list for PBXNativeTarget "Social Network" */;
			buildPhases = (
				A4AD75E45B9962B38DC362A3 /* [CP] Check Pods Manifest.lock */,
				DF67479622C07FB100735AC9 /* Sources */,
				DF67479722C07FB100735AC9 /* Frameworks */,
				DF67479822C07FB100735AC9 /* Resources */,
				B47C7F884FDB195CA0A15265 /* [CP] Embed Pods Frameworks */,
			);
			buildRules = (
			);
			dependencies = (
			);
			name = "Social Network";
			productName = "Social Network";
			productReference = DF67479A22C07FB100735AC9 /* Social Network.app */;
			productType = "com.apple.product-type.application";
		};
/* End PBXNativeTarget section */

/* Begin PBXProject section */
		DF67479222C07FB100735AC9 /* Project object */ = {
			isa = PBXProject;
			attributes = {
				LastSwiftUpdateCheck = 1020;
				LastUpgradeCheck = 1020;
				ORGANIZATIONNAME = eragon;
				TargetAttributes = {
					DF67479922C07FB100735AC9 = {
						CreatedOnToolsVersion = 10.2.1;
					};
				};
			};
			buildConfigurationList = DF67479522C07FB100735AC9 /* Build configuration list for PBXProject "Social Network" */;
			compatibilityVersion = "Xcode 9.3";
			developmentRegion = en;
			hasScannedForEncodings = 0;
			knownRegions = (
				en,
				Base,
			);
			mainGroup = DF67479122C07FB100735AC9;
			productRefGroup = DF67479B22C07FB100735AC9 /* Products */;
			projectDirPath = "";
			projectRoot = "";
			targets = (
				DF67479922C07FB100735AC9 /* Social Network */,
			);
		};
/* End PBXProject section */

/* Begin PBXResourcesBuildPhase section */
		DF67479822C07FB100735AC9 /* Resources */ = {
			isa = PBXResourcesBuildPhase;
			buildActionMask = 2147483647;
			files = (
				C8229E4722DC21BF0045A1C2 /* CellMain.xib in Resources */,
				DF14338622D5C22C000BAEF5 /* LoadMoreFooterView.xib in Resources */,
				C82C0C9322DECEF8001C2D8D /* GoogleService-Info.plist in Resources */,
				DF6747A822C07FB200735AC9 /* LaunchScreen.storyboard in Resources */,
				C81A4CC122EFE6D700352CD1 /* ShowImageVC.xib in Resources */,
				DF14337222D5C22C000BAEF5 /* LoadingView.xib in Resources */,
				DF14336F22D5C22C000BAEF5 /* AlertConfirmViewController.xib in Resources */,
				C804178022DC7543001A9BB5 /* CellComment.xib in Resources */,
				C80B404D22EECE8600B6A613 /* ShowCommentVC.xib in Resources */,
				DF14336B22D5C22C000BAEF5 /* SimplePopoverViewController.xib in Resources */,
				DF6747A522C07FB200735AC9 /* Assets.xcassets in Resources */,
				C8383B2722D7127500E897BE /* CellMenu.xib in Resources */,
				DF14337422D5C22C000BAEF5 /* FormatLoadingView.xib in Resources */,
				C8383B2222D7111800E897BE /* MenuVC.xib in Resources */,
				C80B027722FD706E00928713 /* MyPostVC.xib in Resources */,
				DF6747A322C07FB100735AC9 /* Main.storyboard in Resources */,
				C81BA34C22E954D40039CD35 /* CellListFriend.xib in Resources */,
				DF14336A22D5C22C000BAEF5 /* SimplePopoverCell.xib in Resources */,
				C8047F1D22E05AB500FC5799 /* ListFriendVC.xib in Resources */,
				DF14336E22D5C22C000BAEF5 /* AlertViewController.xib in Resources */,
				C81BA35122E957EB0039CD35 /* CellChat2.xib in Resources */,
				C81A4CC622EFE8A100352CD1 /* CellShowImage.xib in Resources */,
				C8047F2422E06BB700FC5799 /* ChatHistoryVC.xib in Resources */,
			);
			runOnlyForDeploymentPostprocessing = 0;
		};
/* End PBXResourcesBuildPhase section */

/* Begin PBXShellScriptBuildPhase section */
		A4AD75E45B9962B38DC362A3 /* [CP] Check Pods Manifest.lock */ = {
			isa = PBXShellScriptBuildPhase;
			buildActionMask = 2147483647;
			files = (
			);
			inputPaths = (
				"${PODS_PODFILE_DIR_PATH}/Podfile.lock",
				"${PODS_ROOT}/Manifest.lock",
			);
			name = "[CP] Check Pods Manifest.lock";
			outputPaths = (
				"$(DERIVED_FILE_DIR)/Pods-Social Network-checkManifestLockResult.txt",
			);
			runOnlyForDeploymentPostprocessing = 0;
			shellPath = /bin/sh;
			shellScript = "diff \"${PODS_PODFILE_DIR_PATH}/Podfile.lock\" \"${PODS_ROOT}/Manifest.lock\" > /dev/null\nif [ $? != 0 ] ; then\n    # print error to STDERR\n    echo \"error: The sandbox is not in sync with the Podfile.lock. Run 'pod install' or update your CocoaPods installation.\" >&2\n    exit 1\nfi\n# This output is used by Xcode 'outputs' to avoid re-running this script phase.\necho \"SUCCESS\" > \"${SCRIPT_OUTPUT_FILE_0}\"\n";
			showEnvVarsInLog = 0;
		};
		B47C7F884FDB195CA0A15265 /* [CP] Embed Pods Frameworks */ = {
			isa = PBXShellScriptBuildPhase;
			buildActionMask = 2147483647;
			files = (
			);
			inputFileListPaths = (
				"${PODS_ROOT}/Target Support Files/Pods-Social Network/Pods-Social Network-frameworks-${CONFIGURATION}-input-files.xcfilelist",
			);
			name = "[CP] Embed Pods Frameworks";
			outputFileListPaths = (
				"${PODS_ROOT}/Target Support Files/Pods-Social Network/Pods-Social Network-frameworks-${CONFIGURATION}-output-files.xcfilelist",
			);
			runOnlyForDeploymentPostprocessing = 0;
			shellPath = /bin/sh;
			shellScript = "\"${PODS_ROOT}/Target Support Files/Pods-Social Network/Pods-Social Network-frameworks.sh\"\n";
			showEnvVarsInLog = 0;
		};
/* End PBXShellScriptBuildPhase section */

/* Begin PBXSourcesBuildPhase section */
		DF67479622C07FB100735AC9 /* Sources */ = {
			isa = PBXSourcesBuildPhase;
			buildActionMask = 2147483647;
			files = (
				C81BA35022E957EB0039CD35 /* CellChat2.swift in Sources */,
				DF14336522D5C22C000BAEF5 /* BaseView.swift in Sources */,
				C80B027622FD706E00928713 /* MyPostVC.swift in Sources */,
				C8047F2322E06BB700FC5799 /* ChatHistoryVC.swift in Sources */,
				DF14337D22D5C22C000BAEF5 /* ImageLoader.swift in Sources */,
				C804213D22D89003004562C1 /* PostPublicModel.swift in Sources */,
				DF14335322D5C22C000BAEF5 /* UIView+Extension.swift in Sources */,
				DF14335522D5C22C000BAEF5 /* UIViewController+Extension.swift in Sources */,
				DF14335B22D5C22C000BAEF5 /* Connectivity.swift in Sources */,
				DF14335022D5C22C000BAEF5 /* UILabel+Extension.swift in Sources */,
				DF14335822D5C22C000BAEF5 /* UITapGestureRecognizer+Extension.swift in Sources */,
				DF14335922D5C22C000BAEF5 /* Range+Extension.swift in Sources */,
				DF14334F22D5C22C000BAEF5 /* UIColor+Extension.swift in Sources */,
				DF14335422D5C22C000BAEF5 /* UIImage+Extension.swift in Sources */,
				C82C0C9622DEFA05001C2D8D /* PostNewVC.swift in Sources */,
				DF14337F22D5C22C000BAEF5 /* GifImage.swift in Sources */,
				DF14337922D5C22C000BAEF5 /* BaseResponse.swift in Sources */,
				C804213F22D8916E004562C1 /* LoginModel.swift in Sources */,
				DF14338722D5C22C000BAEF5 /* JsonParserManager.swift in Sources */,
				DF14337122D5C22C000BAEF5 /* AlertConfirmViewController.swift in Sources */,
				DF14334E22D5C22C000BAEF5 /* UIFont+Extension.swift in Sources */,
				C8047F1F22E0615F00FC5799 /* UserModel.swift in Sources */,
				DF14337522D5C22C000BAEF5 /* LoadingView.swift in Sources */,
				DF14335222D5C22C000BAEF5 /* UIButton+Extension.swift in Sources */,
				DF14338022D5C22C000BAEF5 /* JsonUtility.swift in Sources */,
				DF6747A022C07FB100735AC9 /* AuthenticationVC.swift in Sources */,
				DF14335622D5C22C000BAEF5 /* String+Extension.swift in Sources */,
				DF14334B22D5C22C000BAEF5 /* UIApplication+Extension.swift in Sources */,
				DF14335E22D5C22C000BAEF5 /* BaseViewController.swift in Sources */,
				DF14335F22D5C22C000BAEF5 /* BaseViewModel.swift in Sources */,
				DF14338522D5C22C000BAEF5 /* LoadMoreFooterView.swift in Sources */,
				DF14336122D5C22C000BAEF5 /* UIBoldLabel.swift in Sources */,
				C8C2208E22E59AC700D85639 /* ProfileModel.swift in Sources */,
				DF14338822D5C22C000BAEF5 /* UrlConst.swift in Sources */,
				C81A4CC022EFE6D700352CD1 /* ShowImageVC.swift in Sources */,
				DF14334C22D5C22C000BAEF5 /* UIImageView+Extension.swift in Sources */,
				DF14335A22D5C22C000BAEF5 /* UITapgestureRecognizer.swift in Sources */,
				C804214322D898E1004562C1 /* HomeVCExtention + TableView.swift in Sources */,
				DF14337322D5C22C000BAEF5 /* FormatLoadingView.swift in Sources */,
				C8229E4922DC586C0045A1C2 /* RandomImage.swift in Sources */,
				C8C2208A22E597AB00D85639 /* UpdateProfileModel.swift in Sources */,
				DF14338B22D5C22C000BAEF5 /* UserDataManager.swift in Sources */,
				DF14336322D5C22C000BAEF5 /* UIRegularLabel.swift in Sources */,
				DF14337622D5C22C000BAEF5 /* LoadMoreActivityIndicator.swift in Sources */,
				C8383B2A22D723EA00E897BE /* MenuModel.swift in Sources */,
				C8229E4622DC21BF0045A1C2 /* CellMain.swift in Sources */,
				C8383B2622D7127500E897BE /* CellMenu.swift in Sources */,
				DF14338122D5C22C000BAEF5 /* Operators.swift in Sources */,
				DF14336022D5C22C000BAEF5 /* BasePopup.swift in Sources */,
				DF14338222D5C22C000BAEF5 /* Utils.swift in Sources */,
				DF14337A22D5C22C000BAEF5 /* Repository.swift in Sources */,
				C8383B1D22D710E300E897BE /* HomeVC.swift in Sources */,
				DF14334D22D5C22C000BAEF5 /* Label.swift in Sources */,
				DF14336222D5C22C000BAEF5 /* NCBaseViewController.swift in Sources */,
				C8383B2122D7111800E897BE /* MenuVC.swift in Sources */,
				DF14336722D5C22C000BAEF5 /* ViewContainsLoadingView.swift in Sources */,
				DF14336422D5C22C000BAEF5 /* Localizable.swift in Sources */,
				DF14336922D5C22C000BAEF5 /* PopoverControllerProtocol.swift in Sources */,
				DF14337B22D5C22C000BAEF5 /* ApiResponse.swift in Sources */,
				C80B404C22EECE8600B6A613 /* ShowCommentVC.swift in Sources */,
				C804177F22DC7543001A9BB5 /* CellComment.swift in Sources */,
				C8C2208822E5952400D85639 /* ProfileRegisterVC.swift in Sources */,
				DF14336822D5C22C000BAEF5 /* ViewHasToolBar.swift in Sources */,
				C8047F1C22E05AB500FC5799 /* ListFriendVC.swift in Sources */,
				DF14338922D5C22C000BAEF5 /* AppConst.swift in Sources */,
				DF14335122D5C22C000BAEF5 /* Collection+Extension.swift in Sources */,
				DF14335D22D5C22C000BAEF5 /* LocationManager.swift in Sources */,
				C81A4CC522EFE8A100352CD1 /* CellShowImage.swift in Sources */,
				C81BA34B22E954D40039CD35 /* CellListFriend.swift in Sources */,
				C8229E4222DC18760045A1C2 /* LaunchVC.swift in Sources */,
				C806CDC022D5D528002E16F4 /* RegisterModel.swift in Sources */,
				DF0E122622FC36890002EF3C /* MyPostModel.swift in Sources */,
				C804214122D89350004562C1 /* ExtentionHomeVC + UISideMenu.swift in Sources */,
				DF14336622D5C22C000BAEF5 /* JSONParser.swift in Sources */,
				DF14336C22D5C22C000BAEF5 /* SimplePopoverViewController.swift in Sources */,
				C80B027B22FD7DD300928713 /* MyPostVCExtention + TableView.swift in Sources */,
				DF14337022D5C22C000BAEF5 /* AlertViewController.swift in Sources */,
				DF14337E22D5C22C000BAEF5 /* TextSize.swift in Sources */,
				DF14335722D5C22C000BAEF5 /* UIResponder.swift in Sources */,
				DF14336D22D5C22C000BAEF5 /* SimplePopoverCell.swift in Sources */,
				DF14337C22D5C22C000BAEF5 /* BaseRepository.swift in Sources */,
				DF67479E22C07FB100735AC9 /* AppDelegate.swift in Sources */,
				C80B027922FD7D6800928713 /* ExtentionMyPostVC + UISideMenu.swift in Sources */,
				DF14335C22D5C22C000BAEF5 /* AppVariable.swift in Sources */,
			);
			runOnlyForDeploymentPostprocessing = 0;
		};
/* End PBXSourcesBuildPhase section */

/* Begin PBXVariantGroup section */
		DF6747A122C07FB100735AC9 /* Main.storyboard */ = {
			isa = PBXVariantGroup;
			children = (
				DF6747A222C07FB100735AC9 /* Base */,
			);
			name = Main.storyboard;
			sourceTree = "<group>";
		};
		DF6747A622C07FB200735AC9 /* LaunchScreen.storyboard */ = {
			isa = PBXVariantGroup;
			children = (
				DF6747A722C07FB200735AC9 /* Base */,
			);
			name = LaunchScreen.storyboard;
			sourceTree = "<group>";
		};
/* End PBXVariantGroup section */

/* Begin XCBuildConfiguration section */
		DF6747AA22C07FB200735AC9 /* Debug */ = {
			isa = XCBuildConfiguration;
			buildSettings = {
				ALWAYS_SEARCH_USER_PATHS = NO;
				CLANG_ANALYZER_NONNULL = YES;
				CLANG_ANALYZER_NUMBER_OBJECT_CONVERSION = YES_AGGRESSIVE;
				CLANG_CXX_LANGUAGE_STANDARD = "gnu++14";
				CLANG_CXX_LIBRARY = "libc++";
				CLANG_ENABLE_MODULES = YES;
				CLANG_ENABLE_OBJC_ARC = YES;
				CLANG_ENABLE_OBJC_WEAK = YES;
				CLANG_WARN_BLOCK_CAPTURE_AUTORELEASING = YES;
				CLANG_WARN_BOOL_CONVERSION = YES;
				CLANG_WARN_COMMA = YES;
				CLANG_WARN_CONSTANT_CONVERSION = YES;
				CLANG_WARN_DEPRECATED_OBJC_IMPLEMENTATIONS = YES;
				CLANG_WARN_DIRECT_OBJC_ISA_USAGE = YES_ERROR;
				CLANG_WARN_DOCUMENTATION_COMMENTS = YES;
				CLANG_WARN_EMPTY_BODY = YES;
				CLANG_WARN_ENUM_CONVERSION = YES;
				CLANG_WARN_INFINITE_RECURSION = YES;
				CLANG_WARN_INT_CONVERSION = YES;
				CLANG_WARN_NON_LITERAL_NULL_CONVERSION = YES;
				CLANG_WARN_OBJC_IMPLICIT_RETAIN_SELF = YES;
				CLANG_WARN_OBJC_LITERAL_CONVERSION = YES;
				CLANG_WARN_OBJC_ROOT_CLASS = YES_ERROR;
				CLANG_WARN_RANGE_LOOP_ANALYSIS = YES;
				CLANG_WARN_STRICT_PROTOTYPES = YES;
				CLANG_WARN_SUSPICIOUS_MOVE = YES;
				CLANG_WARN_UNGUARDED_AVAILABILITY = YES_AGGRESSIVE;
				CLANG_WARN_UNREACHABLE_CODE = YES;
				CLANG_WARN__DUPLICATE_METHOD_MATCH = YES;
				CODE_SIGN_IDENTITY = "iPhone Developer";
				COPY_PHASE_STRIP = NO;
				DEBUG_INFORMATION_FORMAT = dwarf;
				ENABLE_STRICT_OBJC_MSGSEND = YES;
				ENABLE_TESTABILITY = YES;
				GCC_C_LANGUAGE_STANDARD = gnu11;
				GCC_DYNAMIC_NO_PIC = NO;
				GCC_NO_COMMON_BLOCKS = YES;
				GCC_OPTIMIZATION_LEVEL = 0;
				GCC_PREPROCESSOR_DEFINITIONS = (
					"DEBUG=1",
					"$(inherited)",
				);
				GCC_WARN_64_TO_32_BIT_CONVERSION = YES;
				GCC_WARN_ABOUT_RETURN_TYPE = YES_ERROR;
				GCC_WARN_UNDECLARED_SELECTOR = YES;
				GCC_WARN_UNINITIALIZED_AUTOS = YES_AGGRESSIVE;
				GCC_WARN_UNUSED_FUNCTION = YES;
				GCC_WARN_UNUSED_VARIABLE = YES;
				IPHONEOS_DEPLOYMENT_TARGET = 12.2;
				MTL_ENABLE_DEBUG_INFO = INCLUDE_SOURCE;
				MTL_FAST_MATH = YES;
				ONLY_ACTIVE_ARCH = YES;
				SDKROOT = iphoneos;
				SWIFT_ACTIVE_COMPILATION_CONDITIONS = DEBUG;
				SWIFT_OPTIMIZATION_LEVEL = "-Onone";
			};
			name = Debug;
		};
		DF6747AB22C07FB200735AC9 /* Release */ = {
			isa = XCBuildConfiguration;
			buildSettings = {
				ALWAYS_SEARCH_USER_PATHS = NO;
				CLANG_ANALYZER_NONNULL = YES;
				CLANG_ANALYZER_NUMBER_OBJECT_CONVERSION = YES_AGGRESSIVE;
				CLANG_CXX_LANGUAGE_STANDARD = "gnu++14";
				CLANG_CXX_LIBRARY = "libc++";
				CLANG_ENABLE_MODULES = YES;
				CLANG_ENABLE_OBJC_ARC = YES;
				CLANG_ENABLE_OBJC_WEAK = YES;
				CLANG_WARN_BLOCK_CAPTURE_AUTORELEASING = YES;
				CLANG_WARN_BOOL_CONVERSION = YES;
				CLANG_WARN_COMMA = YES;
				CLANG_WARN_CONSTANT_CONVERSION = YES;
				CLANG_WARN_DEPRECATED_OBJC_IMPLEMENTATIONS = YES;
				CLANG_WARN_DIRECT_OBJC_ISA_USAGE = YES_ERROR;
				CLANG_WARN_DOCUMENTATION_COMMENTS = YES;
				CLANG_WARN_EMPTY_BODY = YES;
				CLANG_WARN_ENUM_CONVERSION = YES;
				CLANG_WARN_INFINITE_RECURSION = YES;
				CLANG_WARN_INT_CONVERSION = YES;
				CLANG_WARN_NON_LITERAL_NULL_CONVERSION = YES;
				CLANG_WARN_OBJC_IMPLICIT_RETAIN_SELF = YES;
				CLANG_WARN_OBJC_LITERAL_CONVERSION = YES;
				CLANG_WARN_OBJC_ROOT_CLASS = YES_ERROR;
				CLANG_WARN_RANGE_LOOP_ANALYSIS = YES;
				CLANG_WARN_STRICT_PROTOTYPES = YES;
				CLANG_WARN_SUSPICIOUS_MOVE = YES;
				CLANG_WARN_UNGUARDED_AVAILABILITY = YES_AGGRESSIVE;
				CLANG_WARN_UNREACHABLE_CODE = YES;
				CLANG_WARN__DUPLICATE_METHOD_MATCH = YES;
				CODE_SIGN_IDENTITY = "iPhone Developer";
				COPY_PHASE_STRIP = NO;
				DEBUG_INFORMATION_FORMAT = "dwarf-with-dsym";
				ENABLE_NS_ASSERTIONS = NO;
				ENABLE_STRICT_OBJC_MSGSEND = YES;
				GCC_C_LANGUAGE_STANDARD = gnu11;
				GCC_NO_COMMON_BLOCKS = YES;
				GCC_WARN_64_TO_32_BIT_CONVERSION = YES;
				GCC_WARN_ABOUT_RETURN_TYPE = YES_ERROR;
				GCC_WARN_UNDECLARED_SELECTOR = YES;
				GCC_WARN_UNINITIALIZED_AUTOS = YES_AGGRESSIVE;
				GCC_WARN_UNUSED_FUNCTION = YES;
				GCC_WARN_UNUSED_VARIABLE = YES;
				IPHONEOS_DEPLOYMENT_TARGET = 12.2;
				MTL_ENABLE_DEBUG_INFO = NO;
				MTL_FAST_MATH = YES;
				SDKROOT = iphoneos;
				SWIFT_COMPILATION_MODE = wholemodule;
				SWIFT_OPTIMIZATION_LEVEL = "-O";
				VALIDATE_PRODUCT = YES;
			};
			name = Release;
		};
		DF6747AD22C07FB200735AC9 /* Debug */ = {
			isa = XCBuildConfiguration;
			baseConfigurationReference = 67FD01ED1EC2840C900DDD01 /* Pods-Social Network.debug.xcconfig */;
			buildSettings = {
				ASSETCATALOG_COMPILER_APPICON_NAME = AppIcon;
				CODE_SIGN_IDENTITY = "iPhone Developer";
				CODE_SIGN_STYLE = Automatic;
				DEVELOPMENT_TEAM = U8V4UCT8N5;
				INFOPLIST_FILE = "Social Network/Info.plist";
				IPHONEOS_DEPLOYMENT_TARGET = 10.0;
				LD_RUNPATH_SEARCH_PATHS = (
					"$(inherited)",
					"@executable_path/Frameworks",
				);
				PRODUCT_BUNDLE_IDENTIFIER = "Husky.Social-Network.chat1";
				PRODUCT_NAME = "$(TARGET_NAME)";
				PROVISIONING_PROFILE_SPECIFIER = "";
				SWIFT_VERSION = 5.0;
				TARGETED_DEVICE_FAMILY = "1,2";
			};
			name = Debug;
		};
		DF6747AE22C07FB200735AC9 /* Release */ = {
			isa = XCBuildConfiguration;
			baseConfigurationReference = 1B0BEDD6E272EB38F966E203 /* Pods-Social Network.release.xcconfig */;
			buildSettings = {
				ASSETCATALOG_COMPILER_APPICON_NAME = AppIcon;
				CODE_SIGN_IDENTITY = "iPhone Developer";
				CODE_SIGN_STYLE = Automatic;
				DEVELOPMENT_TEAM = U8V4UCT8N5;
				INFOPLIST_FILE = "Social Network/Info.plist";
				IPHONEOS_DEPLOYMENT_TARGET = 10.0;
				LD_RUNPATH_SEARCH_PATHS = (
					"$(inherited)",
					"@executable_path/Frameworks",
				);
				PRODUCT_BUNDLE_IDENTIFIER = "Husky.Social-Network.chat1";
				PRODUCT_NAME = "$(TARGET_NAME)";
				PROVISIONING_PROFILE_SPECIFIER = "";
				SWIFT_VERSION = 5.0;
				TARGETED_DEVICE_FAMILY = "1,2";
			};
			name = Release;
		};
/* End XCBuildConfiguration section */

/* Begin XCConfigurationList section */
		DF67479522C07FB100735AC9 /* Build configuration list for PBXProject "Social Network" */ = {
			isa = XCConfigurationList;
			buildConfigurations = (
				DF6747AA22C07FB200735AC9 /* Debug */,
				DF6747AB22C07FB200735AC9 /* Release */,
			);
			defaultConfigurationIsVisible = 0;
			defaultConfigurationName = Release;
		};
		DF6747AC22C07FB200735AC9 /* Build configuration list for PBXNativeTarget "Social Network" */ = {
			isa = XCConfigurationList;
			buildConfigurations = (
				DF6747AD22C07FB200735AC9 /* Debug */,
				DF6747AE22C07FB200735AC9 /* Release */,
			);
			defaultConfigurationIsVisible = 0;
			defaultConfigurationName = Release;
		};
/* End XCConfigurationList section */
	};
	rootObject = DF67479222C07FB100735AC9 /* Project object */;
}
